{
  "object": {
    "pins": [
      {
        "package": "ActivityView",
        "repositoryURL": "https://github.com/SwiftUI-Plus/ActivityView.git",
        "state": {
          "branch": null,
          "revision": "8c473718b372aa17f29995d6747feb7393759861",
          "version": "1.0.0"
        }
      },
      {
        "package": "Kingfisher",
        "repositoryURL": "https://github.com/onevcat/Kingfisher.git",
        "state": {
          "branch": null,
          "revision": "1a7b5480eb750a8e171654b9b1cb0a2cbeb27a55",
          "version": "7.2.1"
        }
      },
      {
        "package": "RealmDatabase",
        "repositoryURL": "https://github.com/realm/realm-core",
        "state": {
          "branch": null,
          "revision": "472d325a2e844fcb48c400db74e6b9646f92ca93",
          "version": "11.15.0"
        }
      },
      {
        "package": "Realm",
        "repositoryURL": "https://github.com/realm/realm-swift.git",
        "state": {
          "branch": null,
          "revision": "41fe221e2209ad31bee35593513d957dc3e6e458",
          "version": "10.25.2"
        }
      },
      {
        "package": "TranslateView",
        "repositoryURL": "https://github.com/HDCodePractice/TranslateView.git",
        "state": {
          "branch": null,
          "revision": "865e6e78ba0d2a481097b5cda643c82544ec640b",
          "version": "1.0.1"
        }
      }
    ]
  },
  "version": 1
}
