{
  "object": {
    "pins": [
      {
        "package": "ActivityView",
        "repositoryURL": "https://github.com/SwiftUI-Plus/ActivityView.git",
        "state": {
          "branch": null,
          "revision": "8c473718b372aa17f29995d6747feb7393759861",
          "version": "1.0.0"
        }
      },
      {
        "package": "IceCream",
        "repositoryURL": "https://github.com/hdcola/IceCream.git",
        "state": {
          "branch": "master",
          "revision": "b9804f8d13dd32d86c284ce470de94284a4d85b5",
          "version": null
        }
      },
      {
        "package": "Kingfisher",
        "repositoryURL": "https://github.com/onevcat/Kingfisher.git",
        "state": {
          "branch": null,
          "revision": "be1a1acb283a702b99b630f586877ba02234b4cb",
          "version": "7.3.2"
        }
      },
      {
        "package": "RealmDatabase",
        "repositoryURL": "https://github.com/realm/realm-core",
        "state": {
          "branch": null,
          "revision": "6f6a0f415bd33cf2ced4467e36a47f7c84f0a1d7",
          "version": "12.5.1"
        }
      },
      {
        "package": "Realm",
        "repositoryURL": "https://github.com/realm/realm-swift",
        "state": {
          "branch": null,
          "revision": "ae0ceea258fd8f58392881cc4b2228bff62f74f5",
          "version": "10.28.7"
        }
      },
      {
        "package": "TranslateView",
        "repositoryURL": "https://github.com/HDCodePractice/TranslateView.git",
        "state": {
          "branch": null,
          "revision": "865e6e78ba0d2a481097b5cda643c82544ec640b",
          "version": "1.0.1"
        }
      }
    ]
  },
  "version": 1
}
