{
  "object": {
    "pins": [
      {
        "package": "ActivityView",
        "repositoryURL": "https://github.com/SwiftUI-Plus/ActivityView.git",
        "state": {
          "branch": null,
          "revision": "8c473718b372aa17f29995d6747feb7393759861",
          "version": "1.0.0"
        }
      },
      {
        "package": "IceCream",
        "repositoryURL": "https://github.com/leoz/IceCream.git",
        "state": {
          "branch": "master",
          "revision": "10cfad791c2d54ccd5c4dc54ddc6d708e69bea9b",
          "version": null
        }
      },
      {
        "package": "Kingfisher",
        "repositoryURL": "https://github.com/onevcat/Kingfisher.git",
        "state": {
          "branch": null,
          "revision": "59eb199fdb8dd47733624e8b0277822d0232579e",
          "version": "7.2.2"
        }
      },
      {
        "package": "RealmDatabase",
        "repositoryURL": "https://github.com/realm/realm-core",
        "state": {
          "branch": null,
          "revision": "9e2f3cb730a546ff33e95c563a85e3cf61f17d17",
          "version": "12.0.0"
        }
      },
      {
        "package": "Realm",
        "repositoryURL": "https://github.com/realm/realm-swift",
        "state": {
          "branch": null,
          "revision": "0762a9eb77929fdfbefa476ae62afed2b3e41bae",
          "version": "10.27.0"
        }
      },
      {
        "package": "TranslateView",
        "repositoryURL": "https://github.com/HDCodePractice/TranslateView.git",
        "state": {
          "branch": null,
          "revision": "865e6e78ba0d2a481097b5cda643c82544ec640b",
          "version": "1.0.1"
        }
      }
    ]
  },
  "version": 1
}
