{
  "object": {
    "pins": [
      {
        "package": "TranslateController",
        "repositoryURL": "https://github.com/HDCodePractice/TranslateController",
        "state": {
          "branch": "main",
          "revision": "a2dd578c37a08f81e3eaab4d0064a5ff0c880c40",
          "version": null
        }
      },
      {
        "package": "Zip",
        "repositoryURL": "https://github.com/marmelroy/Zip",
        "state": {
          "branch": null,
          "revision": "bd19d974e8a38cc8d3a88c90c8a107386c3b8ccf",
          "version": "2.1.1"
        }
      },
      {
        "package": "ZoomableImageView",
        "repositoryURL": "https://github.com/rushairer/ZoomableImageView",
        "state": {
          "branch": null,
          "revision": "4544906abfa6891b9a536ed467947f7d926e4da3",
          "version": "1.0.2"
        }
      }
    ]
  },
  "version": 1
}
