// !$*UTF8*$!
{
	archiveVersion = 1;
	classes = {
	};
	objectVersion = 55;
	objects = {

/* Begin PBXBuildFile section */
		6703FFE3279A32EC00C4FADB /* Extension.swift in Sources */ = {isa = PBXBuildFile; fileRef = 6703FFE2279A32EC00C4FADB /* Extension.swift */; };
		6703FFE5279A49F000C4FADB /* AnswerRow.swift in Sources */ = {isa = PBXBuildFile; fileRef = 6703FFE4279A49F000C4FADB /* AnswerRow.swift */; };
		6703FFEA279A4ADA00C4FADB /* Answer.swift in Sources */ = {isa = PBXBuildFile; fileRef = 6703FFE9279A4ADA00C4FADB /* Answer.swift */; };
		6703FFED279A4C6400C4FADB /* PictureGame.swift in Sources */ = {isa = PBXBuildFile; fileRef = 6703FFEC279A4C6400C4FADB /* PictureGame.swift */; };
		6703FFEF279A4E3800C4FADB /* PictureGameProgressView.swift in Sources */ = {isa = PBXBuildFile; fileRef = 6703FFEE279A4E3800C4FADB /* PictureGameProgressView.swift */; };
		6703FFF1279A4EFB00C4FADB /* PictureGameQuestionView.swift in Sources */ = {isa = PBXBuildFile; fileRef = 6703FFF0279A4EFB00C4FADB /* PictureGameQuestionView.swift */; };
		6705889F2798C67B006F8C0E /* WebView.swift in Sources */ = {isa = PBXBuildFile; fileRef = 6705889E2798C67B006F8C0E /* WebView.swift */; };
		670588A12798C717006F8C0E /* GrammarListView.swift in Sources */ = {isa = PBXBuildFile; fileRef = 670588A02798C717006F8C0E /* GrammarListView.swift */; };
		670588A52798C7D6006F8C0E /* LoadData.swift in Sources */ = {isa = PBXBuildFile; fileRef = 670588A42798C7D6006F8C0E /* LoadData.swift */; };
		670588A72798C938006F8C0E /* Grammar.swift in Sources */ = {isa = PBXBuildFile; fileRef = 670588A62798C938006F8C0E /* Grammar.swift */; };
		670588A92798C995006F8C0E /* GrammarListViewModel.swift in Sources */ = {isa = PBXBuildFile; fileRef = 670588A82798C995006F8C0E /* GrammarListViewModel.swift */; };
		6710C44627AE34F500C5CB99 /* ListPictureView.swift in Sources */ = {isa = PBXBuildFile; fileRef = 6710C44527AE34F500C5CB99 /* ListPictureView.swift */; };
		6718F32427B225E500BD857B /* RealmManagerTests.swift in Sources */ = {isa = PBXBuildFile; fileRef = 6718F32327B225E500BD857B /* RealmManagerTests.swift */; };
		673ABE0A27B605BB006DA515 /* EnumPicker.swift in Sources */ = {isa = PBXBuildFile; fileRef = 673ABE0927B605BB006DA515 /* EnumPicker.swift */; };
		674D427327A8061500061C70 /* ListTopicView.swift in Sources */ = {isa = PBXBuildFile; fileRef = 674D427227A8061500061C70 /* ListTopicView.swift */; };
		674D427527A8065400061C70 /* BrowseDictionaryViewModel.swift in Sources */ = {isa = PBXBuildFile; fileRef = 674D427427A8065400061C70 /* BrowseDictionaryViewModel.swift */; };
		6763B56E27A4EF30000E98EC /* example_picture.json in Resources */ = {isa = PBXBuildFile; fileRef = 6763B56D27A4EF30000E98EC /* example_picture.json */; };
		6781236827AA9E2700E4F66F /* Realm in Frameworks */ = {isa = PBXBuildFile; productRef = 6781236727AA9E2700E4F66F /* Realm */; };
		6781236A27AA9E2700E4F66F /* RealmSwift in Frameworks */ = {isa = PBXBuildFile; productRef = 6781236927AA9E2700E4F66F /* RealmSwift */; };
		6781236C27AAA17200E4F66F /* RealmManager.swift in Sources */ = {isa = PBXBuildFile; fileRef = 6781236B27AAA17200E4F66F /* RealmManager.swift */; };
		679E23A1279BA49200CB8A76 /* Chapter.swift in Sources */ = {isa = PBXBuildFile; fileRef = 679E23A0279BA49200CB8A76 /* Chapter.swift */; };
		679E23A3279BAFDA00CB8A76 /* Topic.swift in Sources */ = {isa = PBXBuildFile; fileRef = 679E23A2279BAFDA00CB8A76 /* Topic.swift */; };
		679E23A5279BAFEF00CB8A76 /* PictureFile.swift in Sources */ = {isa = PBXBuildFile; fileRef = 679E23A4279BAFEF00CB8A76 /* PictureFile.swift */; };
		679E23A7279BB41500CB8A76 /* PictureGameManager.swift in Sources */ = {isa = PBXBuildFile; fileRef = 679E23A6279BB41500CB8A76 /* PictureGameManager.swift */; };
		679E23A9279BB94100CB8A76 /* PictureGameViewModel.swift in Sources */ = {isa = PBXBuildFile; fileRef = 679E23A8279BB94100CB8A76 /* PictureGameViewModel.swift */; };
		679E23AB279C4BAA00CB8A76 /* PictureExam.swift in Sources */ = {isa = PBXBuildFile; fileRef = 679E23AA279C4BAA00CB8A76 /* PictureExam.swift */; };
		67BA8A16279F68EB00F4B743 /* ActivityView in Frameworks */ = {isa = PBXBuildFile; productRef = 67BA8A15279F68EB00F4B743 /* ActivityView */; };
		67C29B4227A2115900877C58 /* TranslateView in Frameworks */ = {isa = PBXBuildFile; productRef = 67C29B4127A2115900877C58 /* TranslateView */; };
		67D3D6D4279D91590075BBF8 /* AnswerGrid.swift in Sources */ = {isa = PBXBuildFile; fileRef = 67D3D6D3279D91590075BBF8 /* AnswerGrid.swift */; };
		67D4A71927B3E2B400642686 /* PictureGameViewModelTests.swift in Sources */ = {isa = PBXBuildFile; fileRef = 67D4A71827B3E2B400642686 /* PictureGameViewModelTests.swift */; };
		67D892BD27AF75A1006CD0CB /* GridePictureItem.swift in Sources */ = {isa = PBXBuildFile; fileRef = 67D892BC27AF75A1006CD0CB /* GridePictureItem.swift */; };
		67D892C027AFF4AE006CD0CB /* Kingfisher in Frameworks */ = {isa = PBXBuildFile; productRef = 67D892BF27AFF4AE006CD0CB /* Kingfisher */; };
		67FD9D412796666E00EF434F /* English_HelperApp.swift in Sources */ = {isa = PBXBuildFile; fileRef = 67FD9D402796666E00EF434F /* English_HelperApp.swift */; };
		67FD9D432796666E00EF434F /* ContentView.swift in Sources */ = {isa = PBXBuildFile; fileRef = 67FD9D422796666E00EF434F /* ContentView.swift */; };
		67FD9D452796666F00EF434F /* Assets.xcassets in Resources */ = {isa = PBXBuildFile; fileRef = 67FD9D442796666F00EF434F /* Assets.xcassets */; };
		67FD9D482796666F00EF434F /* Preview Assets.xcassets in Resources */ = {isa = PBXBuildFile; fileRef = 67FD9D472796666F00EF434F /* Preview Assets.xcassets */; };
		67FD9D5C2796666F00EF434F /* English_HelperUITests.swift in Sources */ = {isa = PBXBuildFile; fileRef = 67FD9D5B2796666F00EF434F /* English_HelperUITests.swift */; };
		67FD9D5E2796666F00EF434F /* English_HelperUITestsLaunchTests.swift in Sources */ = {isa = PBXBuildFile; fileRef = 67FD9D5D2796666F00EF434F /* English_HelperUITestsLaunchTests.swift */; };
		67FD9D71279668EC00EF434F /* ProgressBar.swift in Sources */ = {isa = PBXBuildFile; fileRef = 67FD9D70279668EC00EF434F /* ProgressBar.swift */; };
		67FD9D72279668EC00EF434F /* ProgressBar.swift in Sources */ = {isa = PBXBuildFile; fileRef = 67FD9D70279668EC00EF434F /* ProgressBar.swift */; };
		67FD9D73279668EC00EF434F /* ProgressBar.swift in Sources */ = {isa = PBXBuildFile; fileRef = 67FD9D70279668EC00EF434F /* ProgressBar.swift */; };
		67FD9D762796695A00EF434F /* PrimaryButton.swift in Sources */ = {isa = PBXBuildFile; fileRef = 67FD9D752796695A00EF434F /* PrimaryButton.swift */; };
		67FD9D772796695A00EF434F /* PrimaryButton.swift in Sources */ = {isa = PBXBuildFile; fileRef = 67FD9D752796695A00EF434F /* PrimaryButton.swift */; };
		67FD9D782796695A00EF434F /* PrimaryButton.swift in Sources */ = {isa = PBXBuildFile; fileRef = 67FD9D752796695A00EF434F /* PrimaryButton.swift */; };
/* End PBXBuildFile section */

/* Begin PBXContainerItemProxy section */
		67FD9D4E2796666F00EF434F /* PBXContainerItemProxy */ = {
			isa = PBXContainerItemProxy;
			containerPortal = 67FD9D352796666E00EF434F /* Project object */;
			proxyType = 1;
			remoteGlobalIDString = 67FD9D3C2796666E00EF434F;
			remoteInfo = "English Helper";
		};
		67FD9D582796666F00EF434F /* PBXContainerItemProxy */ = {
			isa = PBXContainerItemProxy;
			containerPortal = 67FD9D352796666E00EF434F /* Project object */;
			proxyType = 1;
			remoteGlobalIDString = 67FD9D3C2796666E00EF434F;
			remoteInfo = "English Helper";
		};
/* End PBXContainerItemProxy section */

/* Begin PBXFileReference section */
		6703FFE2279A32EC00C4FADB /* Extension.swift */ = {isa = PBXFileReference; lastKnownFileType = sourcecode.swift; path = Extension.swift; sourceTree = "<group>"; };
		6703FFE4279A49F000C4FADB /* AnswerRow.swift */ = {isa = PBXFileReference; lastKnownFileType = sourcecode.swift; path = AnswerRow.swift; sourceTree = "<group>"; };
		6703FFE9279A4ADA00C4FADB /* Answer.swift */ = {isa = PBXFileReference; lastKnownFileType = sourcecode.swift; path = Answer.swift; sourceTree = "<group>"; };
		6703FFEC279A4C6400C4FADB /* PictureGame.swift */ = {isa = PBXFileReference; lastKnownFileType = sourcecode.swift; path = PictureGame.swift; sourceTree = "<group>"; };
		6703FFEE279A4E3800C4FADB /* PictureGameProgressView.swift */ = {isa = PBXFileReference; lastKnownFileType = sourcecode.swift; path = PictureGameProgressView.swift; sourceTree = "<group>"; };
		6703FFF0279A4EFB00C4FADB /* PictureGameQuestionView.swift */ = {isa = PBXFileReference; lastKnownFileType = sourcecode.swift; path = PictureGameQuestionView.swift; sourceTree = "<group>"; };
		6705889E2798C67B006F8C0E /* WebView.swift */ = {isa = PBXFileReference; lastKnownFileType = sourcecode.swift; name = WebView.swift; path = "English Helper/WebView.swift"; sourceTree = SOURCE_ROOT; };
		670588A02798C717006F8C0E /* GrammarListView.swift */ = {isa = PBXFileReference; lastKnownFileType = sourcecode.swift; path = GrammarListView.swift; sourceTree = "<group>"; };
		670588A42798C7D6006F8C0E /* LoadData.swift */ = {isa = PBXFileReference; lastKnownFileType = sourcecode.swift; path = LoadData.swift; sourceTree = "<group>"; };
		670588A62798C938006F8C0E /* Grammar.swift */ = {isa = PBXFileReference; lastKnownFileType = sourcecode.swift; path = Grammar.swift; sourceTree = "<group>"; };
		670588A82798C995006F8C0E /* GrammarListViewModel.swift */ = {isa = PBXFileReference; lastKnownFileType = sourcecode.swift; path = GrammarListViewModel.swift; sourceTree = "<group>"; };
		6710C44527AE34F500C5CB99 /* ListPictureView.swift */ = {isa = PBXFileReference; lastKnownFileType = sourcecode.swift; path = ListPictureView.swift; sourceTree = "<group>"; };
		6711A2C92797981B0094B532 /* English Helper.entitlements */ = {isa = PBXFileReference; lastKnownFileType = text.plist.entitlements; path = "English Helper.entitlements"; sourceTree = "<group>"; };
		6718F32327B225E500BD857B /* RealmManagerTests.swift */ = {isa = PBXFileReference; lastKnownFileType = sourcecode.swift; path = RealmManagerTests.swift; sourceTree = "<group>"; };
		673ABE0927B605BB006DA515 /* EnumPicker.swift */ = {isa = PBXFileReference; lastKnownFileType = sourcecode.swift; path = EnumPicker.swift; sourceTree = "<group>"; };
		674D427227A8061500061C70 /* ListTopicView.swift */ = {isa = PBXFileReference; lastKnownFileType = sourcecode.swift; path = ListTopicView.swift; sourceTree = "<group>"; };
		674D427427A8065400061C70 /* BrowseDictionaryViewModel.swift */ = {isa = PBXFileReference; lastKnownFileType = sourcecode.swift; path = BrowseDictionaryViewModel.swift; sourceTree = "<group>"; };
		6763B56D27A4EF30000E98EC /* example_picture.json */ = {isa = PBXFileReference; fileEncoding = 4; lastKnownFileType = text.json; path = example_picture.json; sourceTree = "<group>"; };
		6781236B27AAA17200E4F66F /* RealmManager.swift */ = {isa = PBXFileReference; lastKnownFileType = sourcecode.swift; path = RealmManager.swift; sourceTree = "<group>"; };
		679E23A0279BA49200CB8A76 /* Chapter.swift */ = {isa = PBXFileReference; lastKnownFileType = sourcecode.swift; path = Chapter.swift; sourceTree = "<group>"; };
		679E23A2279BAFDA00CB8A76 /* Topic.swift */ = {isa = PBXFileReference; lastKnownFileType = sourcecode.swift; path = Topic.swift; sourceTree = "<group>"; };
		679E23A4279BAFEF00CB8A76 /* PictureFile.swift */ = {isa = PBXFileReference; lastKnownFileType = sourcecode.swift; path = PictureFile.swift; sourceTree = "<group>"; };
		679E23A6279BB41500CB8A76 /* PictureGameManager.swift */ = {isa = PBXFileReference; lastKnownFileType = sourcecode.swift; path = PictureGameManager.swift; sourceTree = "<group>"; };
		679E23A8279BB94100CB8A76 /* PictureGameViewModel.swift */ = {isa = PBXFileReference; lastKnownFileType = sourcecode.swift; path = PictureGameViewModel.swift; sourceTree = "<group>"; };
		679E23AA279C4BAA00CB8A76 /* PictureExam.swift */ = {isa = PBXFileReference; lastKnownFileType = sourcecode.swift; path = PictureExam.swift; sourceTree = "<group>"; };
		67D3D6D3279D91590075BBF8 /* AnswerGrid.swift */ = {isa = PBXFileReference; lastKnownFileType = sourcecode.swift; path = AnswerGrid.swift; sourceTree = "<group>"; };
		67D4A71827B3E2B400642686 /* PictureGameViewModelTests.swift */ = {isa = PBXFileReference; lastKnownFileType = sourcecode.swift; path = PictureGameViewModelTests.swift; sourceTree = "<group>"; };
		67D892BC27AF75A1006CD0CB /* GridePictureItem.swift */ = {isa = PBXFileReference; lastKnownFileType = sourcecode.swift; path = GridePictureItem.swift; sourceTree = "<group>"; };
		67FD9D3D2796666E00EF434F /* Learn English Helper.app */ = {isa = PBXFileReference; explicitFileType = wrapper.application; includeInIndex = 0; path = "Learn English Helper.app"; sourceTree = BUILT_PRODUCTS_DIR; };
		67FD9D402796666E00EF434F /* English_HelperApp.swift */ = {isa = PBXFileReference; lastKnownFileType = sourcecode.swift; path = English_HelperApp.swift; sourceTree = "<group>"; };
		67FD9D422796666E00EF434F /* ContentView.swift */ = {isa = PBXFileReference; lastKnownFileType = sourcecode.swift; path = ContentView.swift; sourceTree = "<group>"; };
		67FD9D442796666F00EF434F /* Assets.xcassets */ = {isa = PBXFileReference; lastKnownFileType = folder.assetcatalog; path = Assets.xcassets; sourceTree = "<group>"; };
		67FD9D472796666F00EF434F /* Preview Assets.xcassets */ = {isa = PBXFileReference; lastKnownFileType = folder.assetcatalog; path = "Preview Assets.xcassets"; sourceTree = "<group>"; };
		67FD9D4D2796666F00EF434F /* English HelperTests.xctest */ = {isa = PBXFileReference; explicitFileType = wrapper.cfbundle; includeInIndex = 0; path = "English HelperTests.xctest"; sourceTree = BUILT_PRODUCTS_DIR; };
		67FD9D572796666F00EF434F /* English HelperUITests.xctest */ = {isa = PBXFileReference; explicitFileType = wrapper.cfbundle; includeInIndex = 0; path = "English HelperUITests.xctest"; sourceTree = BUILT_PRODUCTS_DIR; };
		67FD9D5B2796666F00EF434F /* English_HelperUITests.swift */ = {isa = PBXFileReference; lastKnownFileType = sourcecode.swift; path = English_HelperUITests.swift; sourceTree = "<group>"; };
		67FD9D5D2796666F00EF434F /* English_HelperUITestsLaunchTests.swift */ = {isa = PBXFileReference; lastKnownFileType = sourcecode.swift; path = English_HelperUITestsLaunchTests.swift; sourceTree = "<group>"; };
		67FD9D70279668EC00EF434F /* ProgressBar.swift */ = {isa = PBXFileReference; lastKnownFileType = sourcecode.swift; path = ProgressBar.swift; sourceTree = "<group>"; };
		67FD9D752796695A00EF434F /* PrimaryButton.swift */ = {isa = PBXFileReference; lastKnownFileType = sourcecode.swift; path = PrimaryButton.swift; sourceTree = "<group>"; };
/* End PBXFileReference section */

/* Begin PBXFrameworksBuildPhase section */
		67FD9D3A2796666E00EF434F /* Frameworks */ = {
			isa = PBXFrameworksBuildPhase;
			buildActionMask = 2147483647;
			files = (
				6781236A27AA9E2700E4F66F /* RealmSwift in Frameworks */,
				6781236827AA9E2700E4F66F /* Realm in Frameworks */,
				67C29B4227A2115900877C58 /* TranslateView in Frameworks */,
				67BA8A16279F68EB00F4B743 /* ActivityView in Frameworks */,
				67D892C027AFF4AE006CD0CB /* Kingfisher in Frameworks */,
			);
			runOnlyForDeploymentPostprocessing = 0;
		};
		67FD9D4A2796666F00EF434F /* Frameworks */ = {
			isa = PBXFrameworksBuildPhase;
			buildActionMask = 2147483647;
			files = (
			);
			runOnlyForDeploymentPostprocessing = 0;
		};
		67FD9D542796666F00EF434F /* Frameworks */ = {
			isa = PBXFrameworksBuildPhase;
			buildActionMask = 2147483647;
			files = (
			);
			runOnlyForDeploymentPostprocessing = 0;
		};
/* End PBXFrameworksBuildPhase section */

/* Begin PBXGroup section */
		6703FFE6279A49FA00C4FADB /* PictureGame */ = {
			isa = PBXGroup;
			children = (
				6703FFEB279A4BC100C4FADB /* View */,
				6703FFE8279A4AC200C4FADB /* Model */,
				6703FFE7279A4A1000C4FADB /* Components */,
			);
			path = PictureGame;
			sourceTree = "<group>";
		};
		6703FFE7279A4A1000C4FADB /* Components */ = {
			isa = PBXGroup;
			children = (
				67D3D6D3279D91590075BBF8 /* AnswerGrid.swift */,
				6703FFE4279A49F000C4FADB /* AnswerRow.swift */,
			);
			path = Components;
			sourceTree = "<group>";
		};
		6703FFE8279A4AC200C4FADB /* Model */ = {
			isa = PBXGroup;
			children = (
				6703FFE9279A4ADA00C4FADB /* Answer.swift */,
				679E23AA279C4BAA00CB8A76 /* PictureExam.swift */,
				679E23A8279BB94100CB8A76 /* PictureGameViewModel.swift */,
			);
			path = Model;
			sourceTree = "<group>";
		};
		6703FFEB279A4BC100C4FADB /* View */ = {
			isa = PBXGroup;
			children = (
				6703FFEC279A4C6400C4FADB /* PictureGame.swift */,
				6703FFEE279A4E3800C4FADB /* PictureGameProgressView.swift */,
				6703FFF0279A4EFB00C4FADB /* PictureGameQuestionView.swift */,
			);
			path = View;
			sourceTree = "<group>";
		};
		6703FFF2279A510C00C4FADB /* Frameworks */ = {
			isa = PBXGroup;
			children = (
			);
			name = Frameworks;
			sourceTree = "<group>";
		};
		6705889C2798C601006F8C0E /* Packages */ = {
			isa = PBXGroup;
			children = (
			);
			name = Packages;
			sourceTree = "<group>";
		};
		670588A22798C750006F8C0E /* GrammarBook */ = {
			isa = PBXGroup;
			children = (
				670588A02798C717006F8C0E /* GrammarListView.swift */,
				670588A82798C995006F8C0E /* GrammarListViewModel.swift */,
			);
			path = GrammarBook;
			sourceTree = "<group>";
		};
		670588A32798C7B0006F8C0E /* Model */ = {
			isa = PBXGroup;
			children = (
				670588A42798C7D6006F8C0E /* LoadData.swift */,
				6703FFE2279A32EC00C4FADB /* Extension.swift */,
				670588A62798C938006F8C0E /* Grammar.swift */,
				679E23A2279BAFDA00CB8A76 /* Topic.swift */,
				679E23A0279BA49200CB8A76 /* Chapter.swift */,
				679E23A4279BAFEF00CB8A76 /* PictureFile.swift */,
				6781236B27AAA17200E4F66F /* RealmManager.swift */,
				679E23A6279BB41500CB8A76 /* PictureGameManager.swift */,
			);
			path = Model;
			sourceTree = "<group>";
		};
		674D426E27A8049E00061C70 /* BrowseDictionary */ = {
			isa = PBXGroup;
			children = (
				674D427127A804C700061C70 /* Components */,
				674D427027A804B800061C70 /* Model */,
				674D426F27A804B000061C70 /* View */,
			);
			path = BrowseDictionary;
			sourceTree = "<group>";
		};
		674D426F27A804B000061C70 /* View */ = {
			isa = PBXGroup;
			children = (
				674D427227A8061500061C70 /* ListTopicView.swift */,
				6710C44527AE34F500C5CB99 /* ListPictureView.swift */,
			);
			path = View;
			sourceTree = "<group>";
		};
		674D427027A804B800061C70 /* Model */ = {
			isa = PBXGroup;
			children = (
				674D427427A8065400061C70 /* BrowseDictionaryViewModel.swift */,
			);
			path = Model;
			sourceTree = "<group>";
		};
		674D427127A804C700061C70 /* Components */ = {
			isa = PBXGroup;
			children = (
				67D892BC27AF75A1006CD0CB /* GridePictureItem.swift */,
			);
			path = Components;
			sourceTree = "<group>";
		};
		67FD9D342796666E00EF434F = {
			isa = PBXGroup;
			children = (
				6705889C2798C601006F8C0E /* Packages */,
				67FD9D3F2796666E00EF434F /* English Helper */,
				67FD9D502796666F00EF434F /* English HelperTests */,
				67FD9D5A2796666F00EF434F /* English HelperUITests */,
				67FD9D3E2796666E00EF434F /* Products */,
				6703FFF2279A510C00C4FADB /* Frameworks */,
			);
			sourceTree = "<group>";
		};
		67FD9D3E2796666E00EF434F /* Products */ = {
			isa = PBXGroup;
			children = (
				67FD9D3D2796666E00EF434F /* Learn English Helper.app */,
				67FD9D4D2796666F00EF434F /* English HelperTests.xctest */,
				67FD9D572796666F00EF434F /* English HelperUITests.xctest */,
			);
			name = Products;
			sourceTree = "<group>";
		};
		67FD9D3F2796666E00EF434F /* English Helper */ = {
			isa = PBXGroup;
			children = (
				674D426E27A8049E00061C70 /* BrowseDictionary */,
				6711A2C92797981B0094B532 /* English Helper.entitlements */,
				67FD9D402796666E00EF434F /* English_HelperApp.swift */,
				670588A32798C7B0006F8C0E /* Model */,
				670588A22798C750006F8C0E /* GrammarBook */,
				67FD9D422796666E00EF434F /* ContentView.swift */,
				67FD9D742796691400EF434F /* Components */,
				67FD9D442796666F00EF434F /* Assets.xcassets */,
				67FD9D462796666F00EF434F /* Preview Content */,
				6703FFE6279A49FA00C4FADB /* PictureGame */,
			);
			path = "English Helper";
			sourceTree = "<group>";
		};
		67FD9D462796666F00EF434F /* Preview Content */ = {
			isa = PBXGroup;
			children = (
				67FD9D472796666F00EF434F /* Preview Assets.xcassets */,
				6763B56D27A4EF30000E98EC /* example_picture.json */,
			);
			path = "Preview Content";
			sourceTree = "<group>";
		};
		67FD9D502796666F00EF434F /* English HelperTests */ = {
			isa = PBXGroup;
			children = (
				6718F32327B225E500BD857B /* RealmManagerTests.swift */,
				67D4A71827B3E2B400642686 /* PictureGameViewModelTests.swift */,
			);
			path = "English HelperTests";
			sourceTree = "<group>";
		};
		67FD9D5A2796666F00EF434F /* English HelperUITests */ = {
			isa = PBXGroup;
			children = (
				67FD9D5B2796666F00EF434F /* English_HelperUITests.swift */,
				67FD9D5D2796666F00EF434F /* English_HelperUITestsLaunchTests.swift */,
			);
			path = "English HelperUITests";
			sourceTree = "<group>";
		};
		67FD9D742796691400EF434F /* Components */ = {
			isa = PBXGroup;
			children = (
				6705889E2798C67B006F8C0E /* WebView.swift */,
				67FD9D70279668EC00EF434F /* ProgressBar.swift */,
				67FD9D752796695A00EF434F /* PrimaryButton.swift */,
				673ABE0927B605BB006DA515 /* EnumPicker.swift */,
			);
			path = Components;
			sourceTree = "<group>";
		};
/* End PBXGroup section */

/* Begin PBXNativeTarget section */
		67FD9D3C2796666E00EF434F /* English Helper */ = {
			isa = PBXNativeTarget;
			buildConfigurationList = 67FD9D612796666F00EF434F /* Build configuration list for PBXNativeTarget "English Helper" */;
			buildPhases = (
				67FD9D392796666E00EF434F /* Sources */,
				67FD9D3A2796666E00EF434F /* Frameworks */,
				67FD9D3B2796666E00EF434F /* Resources */,
			);
			buildRules = (
			);
			dependencies = (
			);
			name = "English Helper";
			packageProductDependencies = (
				67BA8A15279F68EB00F4B743 /* ActivityView */,
				67C29B4127A2115900877C58 /* TranslateView */,
				6781236727AA9E2700E4F66F /* Realm */,
				6781236927AA9E2700E4F66F /* RealmSwift */,
				67D892BF27AFF4AE006CD0CB /* Kingfisher */,
			);
			productName = "English Helper";
			productReference = 67FD9D3D2796666E00EF434F /* Learn English Helper.app */;
			productType = "com.apple.product-type.application";
		};
		67FD9D4C2796666F00EF434F /* English HelperTests */ = {
			isa = PBXNativeTarget;
			buildConfigurationList = 67FD9D642796666F00EF434F /* Build configuration list for PBXNativeTarget "English HelperTests" */;
			buildPhases = (
				67FD9D492796666F00EF434F /* Sources */,
				67FD9D4A2796666F00EF434F /* Frameworks */,
				67FD9D4B2796666F00EF434F /* Resources */,
			);
			buildRules = (
			);
			dependencies = (
				67FD9D4F2796666F00EF434F /* PBXTargetDependency */,
			);
			name = "English HelperTests";
			productName = "English HelperTests";
			productReference = 67FD9D4D2796666F00EF434F /* English HelperTests.xctest */;
			productType = "com.apple.product-type.bundle.unit-test";
		};
		67FD9D562796666F00EF434F /* English HelperUITests */ = {
			isa = PBXNativeTarget;
			buildConfigurationList = 67FD9D672796666F00EF434F /* Build configuration list for PBXNativeTarget "English HelperUITests" */;
			buildPhases = (
				67FD9D532796666F00EF434F /* Sources */,
				67FD9D542796666F00EF434F /* Frameworks */,
				67FD9D552796666F00EF434F /* Resources */,
			);
			buildRules = (
			);
			dependencies = (
				67FD9D592796666F00EF434F /* PBXTargetDependency */,
			);
			name = "English HelperUITests";
			productName = "English HelperUITests";
			productReference = 67FD9D572796666F00EF434F /* English HelperUITests.xctest */;
			productType = "com.apple.product-type.bundle.ui-testing";
		};
/* End PBXNativeTarget section */

/* Begin PBXProject section */
		67FD9D352796666E00EF434F /* Project object */ = {
			isa = PBXProject;
			attributes = {
				BuildIndependentTargetsInParallel = 1;
				LastSwiftUpdateCheck = 1320;
				LastUpgradeCheck = 1320;
				TargetAttributes = {
					67FD9D3C2796666E00EF434F = {
						CreatedOnToolsVersion = 13.2.1;
					};
					67FD9D4C2796666F00EF434F = {
						CreatedOnToolsVersion = 13.2.1;
						TestTargetID = 67FD9D3C2796666E00EF434F;
					};
					67FD9D562796666F00EF434F = {
						CreatedOnToolsVersion = 13.2.1;
						TestTargetID = 67FD9D3C2796666E00EF434F;
					};
				};
			};
			buildConfigurationList = 67FD9D382796666E00EF434F /* Build configuration list for PBXProject "English Helper" */;
			compatibilityVersion = "Xcode 13.0";
			developmentRegion = en;
			hasScannedForEncodings = 0;
			knownRegions = (
				en,
				Base,
			);
			mainGroup = 67FD9D342796666E00EF434F;
			packageReferences = (
				67BA8A14279F68EB00F4B743 /* XCRemoteSwiftPackageReference "ActivityView" */,
				67C29B4027A2115900877C58 /* XCRemoteSwiftPackageReference "TranslateView" */,
				6781236627AA9E2700E4F66F /* XCRemoteSwiftPackageReference "realm-swift" */,
				67D892BE27AFF4AE006CD0CB /* XCRemoteSwiftPackageReference "Kingfisher" */,
			);
			productRefGroup = 67FD9D3E2796666E00EF434F /* Products */;
			projectDirPath = "";
			projectRoot = "";
			targets = (
				67FD9D3C2796666E00EF434F /* English Helper */,
				67FD9D4C2796666F00EF434F /* English HelperTests */,
				67FD9D562796666F00EF434F /* English HelperUITests */,
			);
		};
/* End PBXProject section */

/* Begin PBXResourcesBuildPhase section */
		67FD9D3B2796666E00EF434F /* Resources */ = {
			isa = PBXResourcesBuildPhase;
			buildActionMask = 2147483647;
			files = (
				67FD9D482796666F00EF434F /* Preview Assets.xcassets in Resources */,
				67FD9D452796666F00EF434F /* Assets.xcassets in Resources */,
				6763B56E27A4EF30000E98EC /* example_picture.json in Resources */,
			);
			runOnlyForDeploymentPostprocessing = 0;
		};
		67FD9D4B2796666F00EF434F /* Resources */ = {
			isa = PBXResourcesBuildPhase;
			buildActionMask = 2147483647;
			files = (
			);
			runOnlyForDeploymentPostprocessing = 0;
		};
		67FD9D552796666F00EF434F /* Resources */ = {
			isa = PBXResourcesBuildPhase;
			buildActionMask = 2147483647;
			files = (
			);
			runOnlyForDeploymentPostprocessing = 0;
		};
/* End PBXResourcesBuildPhase section */

/* Begin PBXSourcesBuildPhase section */
		67FD9D392796666E00EF434F /* Sources */ = {
			isa = PBXSourcesBuildPhase;
			buildActionMask = 2147483647;
			files = (
				6703FFF1279A4EFB00C4FADB /* PictureGameQuestionView.swift in Sources */,
				6703FFEF279A4E3800C4FADB /* PictureGameProgressView.swift in Sources */,
				670588A12798C717006F8C0E /* GrammarListView.swift in Sources */,
				670588A52798C7D6006F8C0E /* LoadData.swift in Sources */,
				674D427327A8061500061C70 /* ListTopicView.swift in Sources */,
				67FD9D432796666E00EF434F /* ContentView.swift in Sources */,
				674D427527A8065400061C70 /* BrowseDictionaryViewModel.swift in Sources */,
				6703FFEA279A4ADA00C4FADB /* Answer.swift in Sources */,
				6705889F2798C67B006F8C0E /* WebView.swift in Sources */,
				670588A92798C995006F8C0E /* GrammarListViewModel.swift in Sources */,
				67D892BD27AF75A1006CD0CB /* GridePictureItem.swift in Sources */,
				679E23A5279BAFEF00CB8A76 /* PictureFile.swift in Sources */,
				679E23AB279C4BAA00CB8A76 /* PictureExam.swift in Sources */,
				6781236C27AAA17200E4F66F /* RealmManager.swift in Sources */,
				6703FFE5279A49F000C4FADB /* AnswerRow.swift in Sources */,
				67D3D6D4279D91590075BBF8 /* AnswerGrid.swift in Sources */,
				6703FFE3279A32EC00C4FADB /* Extension.swift in Sources */,
				67FD9D71279668EC00EF434F /* ProgressBar.swift in Sources */,
				6710C44627AE34F500C5CB99 /* ListPictureView.swift in Sources */,
				67FD9D762796695A00EF434F /* PrimaryButton.swift in Sources */,
				679E23A7279BB41500CB8A76 /* PictureGameManager.swift in Sources */,
				67FD9D412796666E00EF434F /* English_HelperApp.swift in Sources */,
				673ABE0A27B605BB006DA515 /* EnumPicker.swift in Sources */,
				6703FFED279A4C6400C4FADB /* PictureGame.swift in Sources */,
				670588A72798C938006F8C0E /* Grammar.swift in Sources */,
				679E23A1279BA49200CB8A76 /* Chapter.swift in Sources */,
				679E23A3279BAFDA00CB8A76 /* Topic.swift in Sources */,
				679E23A9279BB94100CB8A76 /* PictureGameViewModel.swift in Sources */,
			);
			runOnlyForDeploymentPostprocessing = 0;
		};
		67FD9D492796666F00EF434F /* Sources */ = {
			isa = PBXSourcesBuildPhase;
			buildActionMask = 2147483647;
			files = (
				67FD9D772796695A00EF434F /* PrimaryButton.swift in Sources */,
				6718F32427B225E500BD857B /* RealmManagerTests.swift in Sources */,
				67D4A71927B3E2B400642686 /* PictureGameViewModelTests.swift in Sources */,
				67FD9D72279668EC00EF434F /* ProgressBar.swift in Sources */,
			);
			runOnlyForDeploymentPostprocessing = 0;
		};
		67FD9D532796666F00EF434F /* Sources */ = {
			isa = PBXSourcesBuildPhase;
			buildActionMask = 2147483647;
			files = (
				67FD9D5C2796666F00EF434F /* English_HelperUITests.swift in Sources */,
				67FD9D73279668EC00EF434F /* ProgressBar.swift in Sources */,
				67FD9D782796695A00EF434F /* PrimaryButton.swift in Sources */,
				67FD9D5E2796666F00EF434F /* English_HelperUITestsLaunchTests.swift in Sources */,
			);
			runOnlyForDeploymentPostprocessing = 0;
		};
/* End PBXSourcesBuildPhase section */

/* Begin PBXTargetDependency section */
		67FD9D4F2796666F00EF434F /* PBXTargetDependency */ = {
			isa = PBXTargetDependency;
			target = 67FD9D3C2796666E00EF434F /* English Helper */;
			targetProxy = 67FD9D4E2796666F00EF434F /* PBXContainerItemProxy */;
		};
		67FD9D592796666F00EF434F /* PBXTargetDependency */ = {
			isa = PBXTargetDependency;
			target = 67FD9D3C2796666E00EF434F /* English Helper */;
			targetProxy = 67FD9D582796666F00EF434F /* PBXContainerItemProxy */;
		};
/* End PBXTargetDependency section */

/* Begin XCBuildConfiguration section */
		67FD9D5F2796666F00EF434F /* Debug */ = {
			isa = XCBuildConfiguration;
			buildSettings = {
				ALWAYS_SEARCH_USER_PATHS = NO;
				CLANG_ANALYZER_NONNULL = YES;
				CLANG_ANALYZER_NUMBER_OBJECT_CONVERSION = YES_AGGRESSIVE;
				CLANG_CXX_LANGUAGE_STANDARD = "gnu++17";
				CLANG_CXX_LIBRARY = "libc++";
				CLANG_ENABLE_MODULES = YES;
				CLANG_ENABLE_OBJC_ARC = YES;
				CLANG_ENABLE_OBJC_WEAK = YES;
				CLANG_WARN_BLOCK_CAPTURE_AUTORELEASING = YES;
				CLANG_WARN_BOOL_CONVERSION = YES;
				CLANG_WARN_COMMA = YES;
				CLANG_WARN_CONSTANT_CONVERSION = YES;
				CLANG_WARN_DEPRECATED_OBJC_IMPLEMENTATIONS = YES;
				CLANG_WARN_DIRECT_OBJC_ISA_USAGE = YES_ERROR;
				CLANG_WARN_DOCUMENTATION_COMMENTS = YES;
				CLANG_WARN_EMPTY_BODY = YES;
				CLANG_WARN_ENUM_CONVERSION = YES;
				CLANG_WARN_INFINITE_RECURSION = YES;
				CLANG_WARN_INT_CONVERSION = YES;
				CLANG_WARN_NON_LITERAL_NULL_CONVERSION = YES;
				CLANG_WARN_OBJC_IMPLICIT_RETAIN_SELF = YES;
				CLANG_WARN_OBJC_LITERAL_CONVERSION = YES;
				CLANG_WARN_OBJC_ROOT_CLASS = YES_ERROR;
				CLANG_WARN_QUOTED_INCLUDE_IN_FRAMEWORK_HEADER = YES;
				CLANG_WARN_RANGE_LOOP_ANALYSIS = YES;
				CLANG_WARN_STRICT_PROTOTYPES = YES;
				CLANG_WARN_SUSPICIOUS_MOVE = YES;
				CLANG_WARN_UNGUARDED_AVAILABILITY = YES_AGGRESSIVE;
				CLANG_WARN_UNREACHABLE_CODE = YES;
				CLANG_WARN__DUPLICATE_METHOD_MATCH = YES;
				COPY_PHASE_STRIP = NO;
				DEBUG_INFORMATION_FORMAT = dwarf;
				ENABLE_STRICT_OBJC_MSGSEND = YES;
				ENABLE_TESTABILITY = YES;
				GCC_C_LANGUAGE_STANDARD = gnu11;
				GCC_DYNAMIC_NO_PIC = NO;
				GCC_NO_COMMON_BLOCKS = YES;
				GCC_OPTIMIZATION_LEVEL = 0;
				GCC_PREPROCESSOR_DEFINITIONS = (
					"DEBUG=1",
					"$(inherited)",
				);
				GCC_WARN_64_TO_32_BIT_CONVERSION = YES;
				GCC_WARN_ABOUT_RETURN_TYPE = YES_ERROR;
				GCC_WARN_UNDECLARED_SELECTOR = YES;
				GCC_WARN_UNINITIALIZED_AUTOS = YES_AGGRESSIVE;
				GCC_WARN_UNUSED_FUNCTION = YES;
				GCC_WARN_UNUSED_VARIABLE = YES;
				IPHONEOS_DEPLOYMENT_TARGET = 15.0;
				MTL_ENABLE_DEBUG_INFO = INCLUDE_SOURCE;
				MTL_FAST_MATH = YES;
				ONLY_ACTIVE_ARCH = YES;
				SDKROOT = iphoneos;
				SWIFT_ACTIVE_COMPILATION_CONDITIONS = DEBUG;
				SWIFT_OPTIMIZATION_LEVEL = "-Onone";
			};
			name = Debug;
		};
		67FD9D602796666F00EF434F /* Release */ = {
			isa = XCBuildConfiguration;
			buildSettings = {
				ALWAYS_SEARCH_USER_PATHS = NO;
				CLANG_ANALYZER_NONNULL = YES;
				CLANG_ANALYZER_NUMBER_OBJECT_CONVERSION = YES_AGGRESSIVE;
				CLANG_CXX_LANGUAGE_STANDARD = "gnu++17";
				CLANG_CXX_LIBRARY = "libc++";
				CLANG_ENABLE_MODULES = YES;
				CLANG_ENABLE_OBJC_ARC = YES;
				CLANG_ENABLE_OBJC_WEAK = YES;
				CLANG_WARN_BLOCK_CAPTURE_AUTORELEASING = YES;
				CLANG_WARN_BOOL_CONVERSION = YES;
				CLANG_WARN_COMMA = YES;
				CLANG_WARN_CONSTANT_CONVERSION = YES;
				CLANG_WARN_DEPRECATED_OBJC_IMPLEMENTATIONS = YES;
				CLANG_WARN_DIRECT_OBJC_ISA_USAGE = YES_ERROR;
				CLANG_WARN_DOCUMENTATION_COMMENTS = YES;
				CLANG_WARN_EMPTY_BODY = YES;
				CLANG_WARN_ENUM_CONVERSION = YES;
				CLANG_WARN_INFINITE_RECURSION = YES;
				CLANG_WARN_INT_CONVERSION = YES;
				CLANG_WARN_NON_LITERAL_NULL_CONVERSION = YES;
				CLANG_WARN_OBJC_IMPLICIT_RETAIN_SELF = YES;
				CLANG_WARN_OBJC_LITERAL_CONVERSION = YES;
				CLANG_WARN_OBJC_ROOT_CLASS = YES_ERROR;
				CLANG_WARN_QUOTED_INCLUDE_IN_FRAMEWORK_HEADER = YES;
				CLANG_WARN_RANGE_LOOP_ANALYSIS = YES;
				CLANG_WARN_STRICT_PROTOTYPES = YES;
				CLANG_WARN_SUSPICIOUS_MOVE = YES;
				CLANG_WARN_UNGUARDED_AVAILABILITY = YES_AGGRESSIVE;
				CLANG_WARN_UNREACHABLE_CODE = YES;
				CLANG_WARN__DUPLICATE_METHOD_MATCH = YES;
				COPY_PHASE_STRIP = NO;
				DEBUG_INFORMATION_FORMAT = "dwarf-with-dsym";
				ENABLE_NS_ASSERTIONS = NO;
				ENABLE_STRICT_OBJC_MSGSEND = YES;
				GCC_C_LANGUAGE_STANDARD = gnu11;
				GCC_NO_COMMON_BLOCKS = YES;
				GCC_WARN_64_TO_32_BIT_CONVERSION = YES;
				GCC_WARN_ABOUT_RETURN_TYPE = YES_ERROR;
				GCC_WARN_UNDECLARED_SELECTOR = YES;
				GCC_WARN_UNINITIALIZED_AUTOS = YES_AGGRESSIVE;
				GCC_WARN_UNUSED_FUNCTION = YES;
				GCC_WARN_UNUSED_VARIABLE = YES;
				IPHONEOS_DEPLOYMENT_TARGET = 15.0;
				MTL_ENABLE_DEBUG_INFO = NO;
				MTL_FAST_MATH = YES;
				SDKROOT = iphoneos;
				SWIFT_COMPILATION_MODE = wholemodule;
				SWIFT_OPTIMIZATION_LEVEL = "-O";
				VALIDATE_PRODUCT = YES;
			};
			name = Release;
		};
		67FD9D622796666F00EF434F /* Debug */ = {
			isa = XCBuildConfiguration;
			buildSettings = {
				ASSETCATALOG_COMPILER_APPICON_NAME = AppIcon;
				ASSETCATALOG_COMPILER_GLOBAL_ACCENT_COLOR_NAME = AccentColor;
				CODE_SIGN_ENTITLEMENTS = "English Helper/English Helper.entitlements";
				"CODE_SIGN_IDENTITY[sdk=macosx*]" = "-";
				CODE_SIGN_STYLE = Automatic;
				CURRENT_PROJECT_VERSION = 10;
				DEVELOPMENT_ASSET_PATHS = "\"English Helper/Preview Content\"";
				DEVELOPMENT_TEAM = T4W3MN6QHA;
				ENABLE_PREVIEWS = YES;
				GENERATE_INFOPLIST_FILE = YES;
				INFOPLIST_KEY_LSApplicationCategoryType = "public.app-category.education";
				INFOPLIST_KEY_NSPhotoLibraryAddUsageDescription = "We need save qustion photo.";
				INFOPLIST_KEY_UIApplicationSceneManifest_Generation = YES;
				INFOPLIST_KEY_UIApplicationSupportsIndirectInputEvents = YES;
				INFOPLIST_KEY_UILaunchScreen_Generation = YES;
				INFOPLIST_KEY_UISupportedInterfaceOrientations_iPad = "UIInterfaceOrientationPortrait UIInterfaceOrientationPortraitUpsideDown UIInterfaceOrientationLandscapeLeft UIInterfaceOrientationLandscapeRight";
				INFOPLIST_KEY_UISupportedInterfaceOrientations_iPhone = "UIInterfaceOrientationPortrait UIInterfaceOrientationLandscapeLeft UIInterfaceOrientationLandscapeRight";
				IPHONEOS_DEPLOYMENT_TARGET = 15.0;
				LD_RUNPATH_SEARCH_PATHS = (
					"$(inherited)",
					"@executable_path/Frameworks",
				);
				MARKETING_VERSION = 1.0;
				PRODUCT_BUNDLE_IDENTIFIER = one.hdcola.ehelper;
				PRODUCT_NAME = "Learn English Helper";
				SUPPORTS_MACCATALYST = YES;
				SUPPORTS_MAC_DESIGNED_FOR_IPHONE_IPAD = NO;
				SWIFT_EMIT_LOC_STRINGS = YES;
				SWIFT_VERSION = 5.0;
				TARGETED_DEVICE_FAMILY = "1,2";
			};
			name = Debug;
		};
		67FD9D632796666F00EF434F /* Release */ = {
			isa = XCBuildConfiguration;
			buildSettings = {
				ASSETCATALOG_COMPILER_APPICON_NAME = AppIcon;
				ASSETCATALOG_COMPILER_GLOBAL_ACCENT_COLOR_NAME = AccentColor;
				CODE_SIGN_ENTITLEMENTS = "English Helper/English Helper.entitlements";
				"CODE_SIGN_IDENTITY[sdk=macosx*]" = "-";
				CODE_SIGN_STYLE = Automatic;
				CURRENT_PROJECT_VERSION = 10;
				DEVELOPMENT_ASSET_PATHS = "\"English Helper/Preview Content\"";
				DEVELOPMENT_TEAM = T4W3MN6QHA;
				ENABLE_PREVIEWS = YES;
				GENERATE_INFOPLIST_FILE = YES;
				INFOPLIST_KEY_LSApplicationCategoryType = "public.app-category.education";
				INFOPLIST_KEY_NSPhotoLibraryAddUsageDescription = "We need save qustion photo.";
				INFOPLIST_KEY_UIApplicationSceneManifest_Generation = YES;
				INFOPLIST_KEY_UIApplicationSupportsIndirectInputEvents = YES;
				INFOPLIST_KEY_UILaunchScreen_Generation = YES;
				INFOPLIST_KEY_UISupportedInterfaceOrientations_iPad = "UIInterfaceOrientationPortrait UIInterfaceOrientationPortraitUpsideDown UIInterfaceOrientationLandscapeLeft UIInterfaceOrientationLandscapeRight";
				INFOPLIST_KEY_UISupportedInterfaceOrientations_iPhone = "UIInterfaceOrientationPortrait UIInterfaceOrientationLandscapeLeft UIInterfaceOrientationLandscapeRight";
				IPHONEOS_DEPLOYMENT_TARGET = 15.0;
				LD_RUNPATH_SEARCH_PATHS = (
					"$(inherited)",
					"@executable_path/Frameworks",
				);
				MARKETING_VERSION = 1.0;
				PRODUCT_BUNDLE_IDENTIFIER = one.hdcola.ehelper;
				PRODUCT_NAME = "Learn English Helper";
				SUPPORTS_MACCATALYST = YES;
				SUPPORTS_MAC_DESIGNED_FOR_IPHONE_IPAD = NO;
				SWIFT_EMIT_LOC_STRINGS = YES;
				SWIFT_VERSION = 5.0;
				TARGETED_DEVICE_FAMILY = "1,2";
			};
			name = Release;
		};
		67FD9D652796666F00EF434F /* Debug */ = {
			isa = XCBuildConfiguration;
			buildSettings = {
				ALWAYS_EMBED_SWIFT_STANDARD_LIBRARIES = YES;
				BUNDLE_LOADER = "$(TEST_HOST)";
				CODE_SIGN_STYLE = Automatic;
				CURRENT_PROJECT_VERSION = 1;
				DEVELOPMENT_TEAM = T4W3MN6QHA;
				GENERATE_INFOPLIST_FILE = YES;
				IPHONEOS_DEPLOYMENT_TARGET = 15.2;
				MARKETING_VERSION = 1.0;
				PRODUCT_BUNDLE_IDENTIFIER = "one.hdcola.English-HelperTests";
				PRODUCT_NAME = "$(TARGET_NAME)";
				SWIFT_EMIT_LOC_STRINGS = NO;
				SWIFT_VERSION = 5.0;
				TARGETED_DEVICE_FAMILY = "1,2";
				TEST_HOST = "$(BUILT_PRODUCTS_DIR)/Learn English Helper.app/Learn English Helper";
			};
			name = Debug;
		};
		67FD9D662796666F00EF434F /* Release */ = {
			isa = XCBuildConfiguration;
			buildSettings = {
				ALWAYS_EMBED_SWIFT_STANDARD_LIBRARIES = YES;
				BUNDLE_LOADER = "$(TEST_HOST)";
				CODE_SIGN_STYLE = Automatic;
				CURRENT_PROJECT_VERSION = 1;
				DEVELOPMENT_TEAM = T4W3MN6QHA;
				GENERATE_INFOPLIST_FILE = YES;
				IPHONEOS_DEPLOYMENT_TARGET = 15.2;
				MARKETING_VERSION = 1.0;
				PRODUCT_BUNDLE_IDENTIFIER = "one.hdcola.English-HelperTests";
				PRODUCT_NAME = "$(TARGET_NAME)";
				SWIFT_EMIT_LOC_STRINGS = NO;
				SWIFT_VERSION = 5.0;
				TARGETED_DEVICE_FAMILY = "1,2";
				TEST_HOST = "$(BUILT_PRODUCTS_DIR)/Learn English Helper.app/Learn English Helper";
			};
			name = Release;
		};
		67FD9D682796666F00EF434F /* Debug */ = {
			isa = XCBuildConfiguration;
			buildSettings = {
				ALWAYS_EMBED_SWIFT_STANDARD_LIBRARIES = YES;
				CODE_SIGN_STYLE = Automatic;
				CURRENT_PROJECT_VERSION = 1;
				DEVELOPMENT_TEAM = T4W3MN6QHA;
				GENERATE_INFOPLIST_FILE = YES;
				MARKETING_VERSION = 1.0;
				PRODUCT_BUNDLE_IDENTIFIER = "one.hdcola.English-HelperUITests";
				PRODUCT_NAME = "$(TARGET_NAME)";
				SWIFT_EMIT_LOC_STRINGS = NO;
				SWIFT_VERSION = 5.0;
				TARGETED_DEVICE_FAMILY = "1,2";
				TEST_TARGET_NAME = "English Helper";
			};
			name = Debug;
		};
		67FD9D692796666F00EF434F /* Release */ = {
			isa = XCBuildConfiguration;
			buildSettings = {
				ALWAYS_EMBED_SWIFT_STANDARD_LIBRARIES = YES;
				CODE_SIGN_STYLE = Automatic;
				CURRENT_PROJECT_VERSION = 1;
				DEVELOPMENT_TEAM = T4W3MN6QHA;
				GENERATE_INFOPLIST_FILE = YES;
				MARKETING_VERSION = 1.0;
				PRODUCT_BUNDLE_IDENTIFIER = "one.hdcola.English-HelperUITests";
				PRODUCT_NAME = "$(TARGET_NAME)";
				SWIFT_EMIT_LOC_STRINGS = NO;
				SWIFT_VERSION = 5.0;
				TARGETED_DEVICE_FAMILY = "1,2";
				TEST_TARGET_NAME = "English Helper";
			};
			name = Release;
		};
/* End XCBuildConfiguration section */

/* Begin XCConfigurationList section */
		67FD9D382796666E00EF434F /* Build configuration list for PBXProject "English Helper" */ = {
			isa = XCConfigurationList;
			buildConfigurations = (
				67FD9D5F2796666F00EF434F /* Debug */,
				67FD9D602796666F00EF434F /* Release */,
			);
			defaultConfigurationIsVisible = 0;
			defaultConfigurationName = Release;
		};
		67FD9D612796666F00EF434F /* Build configuration list for PBXNativeTarget "English Helper" */ = {
			isa = XCConfigurationList;
			buildConfigurations = (
				67FD9D622796666F00EF434F /* Debug */,
				67FD9D632796666F00EF434F /* Release */,
			);
			defaultConfigurationIsVisible = 0;
			defaultConfigurationName = Release;
		};
		67FD9D642796666F00EF434F /* Build configuration list for PBXNativeTarget "English HelperTests" */ = {
			isa = XCConfigurationList;
			buildConfigurations = (
				67FD9D652796666F00EF434F /* Debug */,
				67FD9D662796666F00EF434F /* Release */,
			);
			defaultConfigurationIsVisible = 0;
			defaultConfigurationName = Release;
		};
		67FD9D672796666F00EF434F /* Build configuration list for PBXNativeTarget "English HelperUITests" */ = {
			isa = XCConfigurationList;
			buildConfigurations = (
				67FD9D682796666F00EF434F /* Debug */,
				67FD9D692796666F00EF434F /* Release */,
			);
			defaultConfigurationIsVisible = 0;
			defaultConfigurationName = Release;
		};
/* End XCConfigurationList section */

/* Begin XCRemoteSwiftPackageReference section */
		6781236627AA9E2700E4F66F /* XCRemoteSwiftPackageReference "realm-swift" */ = {
			isa = XCRemoteSwiftPackageReference;
			repositoryURL = "https://github.com/realm/realm-swift.git";
			requirement = {
				kind = upToNextMajorVersion;
				minimumVersion = 10.10.0;
			};
		};
		67BA8A14279F68EB00F4B743 /* XCRemoteSwiftPackageReference "ActivityView" */ = {
			isa = XCRemoteSwiftPackageReference;
			repositoryURL = "https://github.com/SwiftUI-Plus/ActivityView.git";
			requirement = {
				kind = upToNextMajorVersion;
				minimumVersion = 1.0.0;
			};
		};
		67C29B4027A2115900877C58 /* XCRemoteSwiftPackageReference "TranslateView" */ = {
			isa = XCRemoteSwiftPackageReference;
			repositoryURL = "https://github.com/HDCodePractice/TranslateView";
			requirement = {
				kind = upToNextMajorVersion;
				minimumVersion = 1.0.0;
			};
		};
		67D892BE27AFF4AE006CD0CB /* XCRemoteSwiftPackageReference "Kingfisher" */ = {
			isa = XCRemoteSwiftPackageReference;
			repositoryURL = "https://github.com/onevcat/Kingfisher.git";
			requirement = {
				kind = upToNextMajorVersion;
				minimumVersion = 7.0.0;
			};
		};
/* End XCRemoteSwiftPackageReference section */

/* Begin XCSwiftPackageProductDependency section */
		6781236727AA9E2700E4F66F /* Realm */ = {
			isa = XCSwiftPackageProductDependency;
			package = 6781236627AA9E2700E4F66F /* XCRemoteSwiftPackageReference "realm-swift" */;
			productName = Realm;
		};
		6781236927AA9E2700E4F66F /* RealmSwift */ = {
			isa = XCSwiftPackageProductDependency;
			package = 6781236627AA9E2700E4F66F /* XCRemoteSwiftPackageReference "realm-swift" */;
			productName = RealmSwift;
		};
		67BA8A15279F68EB00F4B743 /* ActivityView */ = {
			isa = XCSwiftPackageProductDependency;
			package = 67BA8A14279F68EB00F4B743 /* XCRemoteSwiftPackageReference "ActivityView" */;
			productName = ActivityView;
		};
		67C29B4127A2115900877C58 /* TranslateView */ = {
			isa = XCSwiftPackageProductDependency;
			package = 67C29B4027A2115900877C58 /* XCRemoteSwiftPackageReference "TranslateView" */;
			productName = TranslateView;
		};
		67D892BF27AFF4AE006CD0CB /* Kingfisher */ = {
			isa = XCSwiftPackageProductDependency;
			package = 67D892BE27AFF4AE006CD0CB /* XCRemoteSwiftPackageReference "Kingfisher" */;
			productName = Kingfisher;
		};
/* End XCSwiftPackageProductDependency section */
	};
	rootObject = 67FD9D352796666E00EF434F /* Project object */;
}
