// !$*UTF8*$!
{
	archiveVersion = 1;
	classes = {
	};
	objectVersion = 55;
	objects = {

/* Begin PBXBuildFile section */
		67742B1127EFD213007EF966 /* DictionaryLibrary in Frameworks */ = {isa = PBXBuildFile; productRef = 67742B1027EFD213007EF966 /* DictionaryLibrary */; };
		67742B1327EFD33F007EF966 /* CommomLibrary in Frameworks */ = {isa = PBXBuildFile; productRef = 67742B1227EFD33F007EF966 /* CommomLibrary */; };
		6796DCED27EF4121000689AF /* Learn_English_DictionaryApp.swift in Sources */ = {isa = PBXBuildFile; fileRef = 6796DCEC27EF4121000689AF /* Learn_English_DictionaryApp.swift */; };
		6796DCEF27EF4121000689AF /* ContentView.swift in Sources */ = {isa = PBXBuildFile; fileRef = 6796DCEE27EF4121000689AF /* ContentView.swift */; };
		6796DCF127EF4122000689AF /* Assets.xcassets in Resources */ = {isa = PBXBuildFile; fileRef = 6796DCF027EF4122000689AF /* Assets.xcassets */; };
		6796DCF427EF4122000689AF /* Preview Assets.xcassets in Resources */ = {isa = PBXBuildFile; fileRef = 6796DCF327EF4122000689AF /* Preview Assets.xcassets */; };
		6796DCFE27EF4122000689AF /* Learn_English_DictionaryTests.swift in Sources */ = {isa = PBXBuildFile; fileRef = 6796DCFD27EF4122000689AF /* Learn_English_DictionaryTests.swift */; };
		6796DD0827EF4122000689AF /* Learn_English_DictionaryUITests.swift in Sources */ = {isa = PBXBuildFile; fileRef = 6796DD0727EF4122000689AF /* Learn_English_DictionaryUITests.swift */; };
		6796DD0A27EF4122000689AF /* Learn_English_DictionaryUITestsLaunchTests.swift in Sources */ = {isa = PBXBuildFile; fileRef = 6796DD0927EF4122000689AF /* Learn_English_DictionaryUITestsLaunchTests.swift */; };
/* End PBXBuildFile section */

/* Begin PBXContainerItemProxy section */
		6796DCFA27EF4122000689AF /* PBXContainerItemProxy */ = {
			isa = PBXContainerItemProxy;
			containerPortal = 6796DCE127EF4121000689AF /* Project object */;
			proxyType = 1;
			remoteGlobalIDString = 6796DCE827EF4121000689AF;
			remoteInfo = "Learn English Dictionary";
		};
		6796DD0427EF4122000689AF /* PBXContainerItemProxy */ = {
			isa = PBXContainerItemProxy;
			containerPortal = 6796DCE127EF4121000689AF /* Project object */;
			proxyType = 1;
			remoteGlobalIDString = 6796DCE827EF4121000689AF;
			remoteInfo = "Learn English Dictionary";
		};
/* End PBXContainerItemProxy section */

/* Begin PBXFileReference section */
		6796DCE927EF4121000689AF /* Learn English Dictionary.app */ = {isa = PBXFileReference; explicitFileType = wrapper.application; includeInIndex = 0; path = "Learn English Dictionary.app"; sourceTree = BUILT_PRODUCTS_DIR; };
		6796DCEC27EF4121000689AF /* Learn_English_DictionaryApp.swift */ = {isa = PBXFileReference; lastKnownFileType = sourcecode.swift; path = Learn_English_DictionaryApp.swift; sourceTree = "<group>"; };
		6796DCEE27EF4121000689AF /* ContentView.swift */ = {isa = PBXFileReference; lastKnownFileType = sourcecode.swift; path = ContentView.swift; sourceTree = "<group>"; };
		6796DCF027EF4122000689AF /* Assets.xcassets */ = {isa = PBXFileReference; lastKnownFileType = folder.assetcatalog; path = Assets.xcassets; sourceTree = "<group>"; };
		6796DCF327EF4122000689AF /* Preview Assets.xcassets */ = {isa = PBXFileReference; lastKnownFileType = folder.assetcatalog; path = "Preview Assets.xcassets"; sourceTree = "<group>"; };
		6796DCF927EF4122000689AF /* Learn English DictionaryTests.xctest */ = {isa = PBXFileReference; explicitFileType = wrapper.cfbundle; includeInIndex = 0; path = "Learn English DictionaryTests.xctest"; sourceTree = BUILT_PRODUCTS_DIR; };
		6796DCFD27EF4122000689AF /* Learn_English_DictionaryTests.swift */ = {isa = PBXFileReference; lastKnownFileType = sourcecode.swift; path = Learn_English_DictionaryTests.swift; sourceTree = "<group>"; };
		6796DD0327EF4122000689AF /* Learn English DictionaryUITests.xctest */ = {isa = PBXFileReference; explicitFileType = wrapper.cfbundle; includeInIndex = 0; path = "Learn English DictionaryUITests.xctest"; sourceTree = BUILT_PRODUCTS_DIR; };
		6796DD0727EF4122000689AF /* Learn_English_DictionaryUITests.swift */ = {isa = PBXFileReference; lastKnownFileType = sourcecode.swift; path = Learn_English_DictionaryUITests.swift; sourceTree = "<group>"; };
		6796DD0927EF4122000689AF /* Learn_English_DictionaryUITestsLaunchTests.swift */ = {isa = PBXFileReference; lastKnownFileType = sourcecode.swift; path = Learn_English_DictionaryUITestsLaunchTests.swift; sourceTree = "<group>"; };
		6796DD1627EF4170000689AF /* Learn English Dictionary.entitlements */ = {isa = PBXFileReference; lastKnownFileType = text.plist.entitlements; path = "Learn English Dictionary.entitlements"; sourceTree = "<group>"; };
/* End PBXFileReference section */

/* Begin PBXFrameworksBuildPhase section */
		6796DCE627EF4121000689AF /* Frameworks */ = {
			isa = PBXFrameworksBuildPhase;
			buildActionMask = 2147483647;
			files = (
				67742B1327EFD33F007EF966 /* CommomLibrary in Frameworks */,
				67742B1127EFD213007EF966 /* DictionaryLibrary in Frameworks */,
			);
			runOnlyForDeploymentPostprocessing = 0;
		};
		6796DCF627EF4122000689AF /* Frameworks */ = {
			isa = PBXFrameworksBuildPhase;
			buildActionMask = 2147483647;
			files = (
			);
			runOnlyForDeploymentPostprocessing = 0;
		};
		6796DD0027EF4122000689AF /* Frameworks */ = {
			isa = PBXFrameworksBuildPhase;
			buildActionMask = 2147483647;
			files = (
			);
			runOnlyForDeploymentPostprocessing = 0;
		};
/* End PBXFrameworksBuildPhase section */

/* Begin PBXGroup section */
		6796DCE027EF4121000689AF = {
			isa = PBXGroup;
			children = (
				6796DCEB27EF4121000689AF /* Learn English Dictionary */,
				6796DCFC27EF4122000689AF /* Learn English DictionaryTests */,
				6796DD0627EF4122000689AF /* Learn English DictionaryUITests */,
				6796DCEA27EF4121000689AF /* Products */,
				6796DD1727EF419D000689AF /* Frameworks */,
			);
			sourceTree = "<group>";
		};
		6796DCEA27EF4121000689AF /* Products */ = {
			isa = PBXGroup;
			children = (
				6796DCE927EF4121000689AF /* Learn English Dictionary.app */,
				6796DCF927EF4122000689AF /* Learn English DictionaryTests.xctest */,
				6796DD0327EF4122000689AF /* Learn English DictionaryUITests.xctest */,
			);
			name = Products;
			sourceTree = "<group>";
		};
		6796DCEB27EF4121000689AF /* Learn English Dictionary */ = {
			isa = PBXGroup;
			children = (
				6796DD1627EF4170000689AF /* Learn English Dictionary.entitlements */,
				6796DCEC27EF4121000689AF /* Learn_English_DictionaryApp.swift */,
				6796DCEE27EF4121000689AF /* ContentView.swift */,
				6796DCF027EF4122000689AF /* Assets.xcassets */,
				6796DCF227EF4122000689AF /* Preview Content */,
			);
			path = "Learn English Dictionary";
			sourceTree = "<group>";
		};
		6796DCF227EF4122000689AF /* Preview Content */ = {
			isa = PBXGroup;
			children = (
				6796DCF327EF4122000689AF /* Preview Assets.xcassets */,
			);
			path = "Preview Content";
			sourceTree = "<group>";
		};
		6796DCFC27EF4122000689AF /* Learn English DictionaryTests */ = {
			isa = PBXGroup;
			children = (
				6796DCFD27EF4122000689AF /* Learn_English_DictionaryTests.swift */,
			);
			path = "Learn English DictionaryTests";
			sourceTree = "<group>";
		};
		6796DD0627EF4122000689AF /* Learn English DictionaryUITests */ = {
			isa = PBXGroup;
			children = (
				6796DD0727EF4122000689AF /* Learn_English_DictionaryUITests.swift */,
				6796DD0927EF4122000689AF /* Learn_English_DictionaryUITestsLaunchTests.swift */,
			);
			path = "Learn English DictionaryUITests";
			sourceTree = "<group>";
		};
		6796DD1727EF419D000689AF /* Frameworks */ = {
			isa = PBXGroup;
			children = (
			);
			name = Frameworks;
			sourceTree = "<group>";
		};
/* End PBXGroup section */

/* Begin PBXNativeTarget section */
		6796DCE827EF4121000689AF /* Learn English Dictionary */ = {
			isa = PBXNativeTarget;
			buildConfigurationList = 6796DD0D27EF4122000689AF /* Build configuration list for PBXNativeTarget "Learn English Dictionary" */;
			buildPhases = (
				6796DCE527EF4121000689AF /* Sources */,
				6796DCE627EF4121000689AF /* Frameworks */,
				6796DCE727EF4121000689AF /* Resources */,
			);
			buildRules = (
			);
			dependencies = (
			);
			name = "Learn English Dictionary";
			packageProductDependencies = (
				67742B1027EFD213007EF966 /* DictionaryLibrary */,
				67742B1227EFD33F007EF966 /* CommomLibrary */,
			);
			productName = "Learn English Dictionary";
			productReference = 6796DCE927EF4121000689AF /* Learn English Dictionary.app */;
			productType = "com.apple.product-type.application";
		};
		6796DCF827EF4122000689AF /* Learn English DictionaryTests */ = {
			isa = PBXNativeTarget;
			buildConfigurationList = 6796DD1027EF4122000689AF /* Build configuration list for PBXNativeTarget "Learn English DictionaryTests" */;
			buildPhases = (
				6796DCF527EF4122000689AF /* Sources */,
				6796DCF627EF4122000689AF /* Frameworks */,
				6796DCF727EF4122000689AF /* Resources */,
			);
			buildRules = (
			);
			dependencies = (
				6796DCFB27EF4122000689AF /* PBXTargetDependency */,
			);
			name = "Learn English DictionaryTests";
			productName = "Learn English DictionaryTests";
			productReference = 6796DCF927EF4122000689AF /* Learn English DictionaryTests.xctest */;
			productType = "com.apple.product-type.bundle.unit-test";
		};
		6796DD0227EF4122000689AF /* Learn English DictionaryUITests */ = {
			isa = PBXNativeTarget;
			buildConfigurationList = 6796DD1327EF4122000689AF /* Build configuration list for PBXNativeTarget "Learn English DictionaryUITests" */;
			buildPhases = (
				6796DCFF27EF4122000689AF /* Sources */,
				6796DD0027EF4122000689AF /* Frameworks */,
				6796DD0127EF4122000689AF /* Resources */,
			);
			buildRules = (
			);
			dependencies = (
				6796DD0527EF4122000689AF /* PBXTargetDependency */,
			);
			name = "Learn English DictionaryUITests";
			productName = "Learn English DictionaryUITests";
			productReference = 6796DD0327EF4122000689AF /* Learn English DictionaryUITests.xctest */;
			productType = "com.apple.product-type.bundle.ui-testing";
		};
/* End PBXNativeTarget section */

/* Begin PBXProject section */
		6796DCE127EF4121000689AF /* Project object */ = {
			isa = PBXProject;
			attributes = {
				BuildIndependentTargetsInParallel = 1;
				LastSwiftUpdateCheck = 1330;
				LastUpgradeCheck = 1330;
				TargetAttributes = {
					6796DCE827EF4121000689AF = {
						CreatedOnToolsVersion = 13.3;
					};
					6796DCF827EF4122000689AF = {
						CreatedOnToolsVersion = 13.3;
						TestTargetID = 6796DCE827EF4121000689AF;
					};
					6796DD0227EF4122000689AF = {
						CreatedOnToolsVersion = 13.3;
						TestTargetID = 6796DCE827EF4121000689AF;
					};
				};
			};
			buildConfigurationList = 6796DCE427EF4121000689AF /* Build configuration list for PBXProject "Learn English Dictionary" */;
			compatibilityVersion = "Xcode 13.0";
			developmentRegion = en;
			hasScannedForEncodings = 0;
			knownRegions = (
				en,
				Base,
			);
			mainGroup = 6796DCE027EF4121000689AF;
			productRefGroup = 6796DCEA27EF4121000689AF /* Products */;
			projectDirPath = "";
			projectRoot = "";
			targets = (
				6796DCE827EF4121000689AF /* Learn English Dictionary */,
				6796DCF827EF4122000689AF /* Learn English DictionaryTests */,
				6796DD0227EF4122000689AF /* Learn English DictionaryUITests */,
			);
		};
/* End PBXProject section */

/* Begin PBXResourcesBuildPhase section */
		6796DCE727EF4121000689AF /* Resources */ = {
			isa = PBXResourcesBuildPhase;
			buildActionMask = 2147483647;
			files = (
				6796DCF427EF4122000689AF /* Preview Assets.xcassets in Resources */,
				6796DCF127EF4122000689AF /* Assets.xcassets in Resources */,
			);
			runOnlyForDeploymentPostprocessing = 0;
		};
		6796DCF727EF4122000689AF /* Resources */ = {
			isa = PBXResourcesBuildPhase;
			buildActionMask = 2147483647;
			files = (
			);
			runOnlyForDeploymentPostprocessing = 0;
		};
		6796DD0127EF4122000689AF /* Resources */ = {
			isa = PBXResourcesBuildPhase;
			buildActionMask = 2147483647;
			files = (
			);
			runOnlyForDeploymentPostprocessing = 0;
		};
/* End PBXResourcesBuildPhase section */

/* Begin PBXSourcesBuildPhase section */
		6796DCE527EF4121000689AF /* Sources */ = {
			isa = PBXSourcesBuildPhase;
			buildActionMask = 2147483647;
			files = (
				6796DCEF27EF4121000689AF /* ContentView.swift in Sources */,
				6796DCED27EF4121000689AF /* Learn_English_DictionaryApp.swift in Sources */,
			);
			runOnlyForDeploymentPostprocessing = 0;
		};
		6796DCF527EF4122000689AF /* Sources */ = {
			isa = PBXSourcesBuildPhase;
			buildActionMask = 2147483647;
			files = (
				6796DCFE27EF4122000689AF /* Learn_English_DictionaryTests.swift in Sources */,
			);
			runOnlyForDeploymentPostprocessing = 0;
		};
		6796DCFF27EF4122000689AF /* Sources */ = {
			isa = PBXSourcesBuildPhase;
			buildActionMask = 2147483647;
			files = (
				6796DD0A27EF4122000689AF /* Learn_English_DictionaryUITestsLaunchTests.swift in Sources */,
				6796DD0827EF4122000689AF /* Learn_English_DictionaryUITests.swift in Sources */,
			);
			runOnlyForDeploymentPostprocessing = 0;
		};
/* End PBXSourcesBuildPhase section */

/* Begin PBXTargetDependency section */
		6796DCFB27EF4122000689AF /* PBXTargetDependency */ = {
			isa = PBXTargetDependency;
			target = 6796DCE827EF4121000689AF /* Learn English Dictionary */;
			targetProxy = 6796DCFA27EF4122000689AF /* PBXContainerItemProxy */;
		};
		6796DD0527EF4122000689AF /* PBXTargetDependency */ = {
			isa = PBXTargetDependency;
			target = 6796DCE827EF4121000689AF /* Learn English Dictionary */;
			targetProxy = 6796DD0427EF4122000689AF /* PBXContainerItemProxy */;
		};
/* End PBXTargetDependency section */

/* Begin XCBuildConfiguration section */
		6796DD0B27EF4122000689AF /* Debug */ = {
			isa = XCBuildConfiguration;
			buildSettings = {
				ALWAYS_SEARCH_USER_PATHS = NO;
				CLANG_ANALYZER_NONNULL = YES;
				CLANG_ANALYZER_NUMBER_OBJECT_CONVERSION = YES_AGGRESSIVE;
				CLANG_CXX_LANGUAGE_STANDARD = "gnu++17";
				CLANG_ENABLE_MODULES = YES;
				CLANG_ENABLE_OBJC_ARC = YES;
				CLANG_ENABLE_OBJC_WEAK = YES;
				CLANG_WARN_BLOCK_CAPTURE_AUTORELEASING = YES;
				CLANG_WARN_BOOL_CONVERSION = YES;
				CLANG_WARN_COMMA = YES;
				CLANG_WARN_CONSTANT_CONVERSION = YES;
				CLANG_WARN_DEPRECATED_OBJC_IMPLEMENTATIONS = YES;
				CLANG_WARN_DIRECT_OBJC_ISA_USAGE = YES_ERROR;
				CLANG_WARN_DOCUMENTATION_COMMENTS = YES;
				CLANG_WARN_EMPTY_BODY = YES;
				CLANG_WARN_ENUM_CONVERSION = YES;
				CLANG_WARN_INFINITE_RECURSION = YES;
				CLANG_WARN_INT_CONVERSION = YES;
				CLANG_WARN_NON_LITERAL_NULL_CONVERSION = YES;
				CLANG_WARN_OBJC_IMPLICIT_RETAIN_SELF = YES;
				CLANG_WARN_OBJC_LITERAL_CONVERSION = YES;
				CLANG_WARN_OBJC_ROOT_CLASS = YES_ERROR;
				CLANG_WARN_QUOTED_INCLUDE_IN_FRAMEWORK_HEADER = YES;
				CLANG_WARN_RANGE_LOOP_ANALYSIS = YES;
				CLANG_WARN_STRICT_PROTOTYPES = YES;
				CLANG_WARN_SUSPICIOUS_MOVE = YES;
				CLANG_WARN_UNGUARDED_AVAILABILITY = YES_AGGRESSIVE;
				CLANG_WARN_UNREACHABLE_CODE = YES;
				CLANG_WARN__DUPLICATE_METHOD_MATCH = YES;
				COPY_PHASE_STRIP = NO;
				DEBUG_INFORMATION_FORMAT = dwarf;
				ENABLE_STRICT_OBJC_MSGSEND = YES;
				ENABLE_TESTABILITY = YES;
				GCC_C_LANGUAGE_STANDARD = gnu11;
				GCC_DYNAMIC_NO_PIC = NO;
				GCC_NO_COMMON_BLOCKS = YES;
				GCC_OPTIMIZATION_LEVEL = 0;
				GCC_PREPROCESSOR_DEFINITIONS = (
					"DEBUG=1",
					"$(inherited)",
				);
				GCC_WARN_64_TO_32_BIT_CONVERSION = YES;
				GCC_WARN_ABOUT_RETURN_TYPE = YES_ERROR;
				GCC_WARN_UNDECLARED_SELECTOR = YES;
				GCC_WARN_UNINITIALIZED_AUTOS = YES_AGGRESSIVE;
				GCC_WARN_UNUSED_FUNCTION = YES;
				GCC_WARN_UNUSED_VARIABLE = YES;
				IPHONEOS_DEPLOYMENT_TARGET = 15.0;
				MTL_ENABLE_DEBUG_INFO = INCLUDE_SOURCE;
				MTL_FAST_MATH = YES;
				ONLY_ACTIVE_ARCH = YES;
				SDKROOT = iphoneos;
				SWIFT_ACTIVE_COMPILATION_CONDITIONS = DEBUG;
				SWIFT_OPTIMIZATION_LEVEL = "-Onone";
			};
			name = Debug;
		};
		6796DD0C27EF4122000689AF /* Release */ = {
			isa = XCBuildConfiguration;
			buildSettings = {
				ALWAYS_SEARCH_USER_PATHS = NO;
				CLANG_ANALYZER_NONNULL = YES;
				CLANG_ANALYZER_NUMBER_OBJECT_CONVERSION = YES_AGGRESSIVE;
				CLANG_CXX_LANGUAGE_STANDARD = "gnu++17";
				CLANG_ENABLE_MODULES = YES;
				CLANG_ENABLE_OBJC_ARC = YES;
				CLANG_ENABLE_OBJC_WEAK = YES;
				CLANG_WARN_BLOCK_CAPTURE_AUTORELEASING = YES;
				CLANG_WARN_BOOL_CONVERSION = YES;
				CLANG_WARN_COMMA = YES;
				CLANG_WARN_CONSTANT_CONVERSION = YES;
				CLANG_WARN_DEPRECATED_OBJC_IMPLEMENTATIONS = YES;
				CLANG_WARN_DIRECT_OBJC_ISA_USAGE = YES_ERROR;
				CLANG_WARN_DOCUMENTATION_COMMENTS = YES;
				CLANG_WARN_EMPTY_BODY = YES;
				CLANG_WARN_ENUM_CONVERSION = YES;
				CLANG_WARN_INFINITE_RECURSION = YES;
				CLANG_WARN_INT_CONVERSION = YES;
				CLANG_WARN_NON_LITERAL_NULL_CONVERSION = YES;
				CLANG_WARN_OBJC_IMPLICIT_RETAIN_SELF = YES;
				CLANG_WARN_OBJC_LITERAL_CONVERSION = YES;
				CLANG_WARN_OBJC_ROOT_CLASS = YES_ERROR;
				CLANG_WARN_QUOTED_INCLUDE_IN_FRAMEWORK_HEADER = YES;
				CLANG_WARN_RANGE_LOOP_ANALYSIS = YES;
				CLANG_WARN_STRICT_PROTOTYPES = YES;
				CLANG_WARN_SUSPICIOUS_MOVE = YES;
				CLANG_WARN_UNGUARDED_AVAILABILITY = YES_AGGRESSIVE;
				CLANG_WARN_UNREACHABLE_CODE = YES;
				CLANG_WARN__DUPLICATE_METHOD_MATCH = YES;
				COPY_PHASE_STRIP = NO;
				DEBUG_INFORMATION_FORMAT = "dwarf-with-dsym";
				ENABLE_NS_ASSERTIONS = NO;
				ENABLE_STRICT_OBJC_MSGSEND = YES;
				GCC_C_LANGUAGE_STANDARD = gnu11;
				GCC_NO_COMMON_BLOCKS = YES;
				GCC_WARN_64_TO_32_BIT_CONVERSION = YES;
				GCC_WARN_ABOUT_RETURN_TYPE = YES_ERROR;
				GCC_WARN_UNDECLARED_SELECTOR = YES;
				GCC_WARN_UNINITIALIZED_AUTOS = YES_AGGRESSIVE;
				GCC_WARN_UNUSED_FUNCTION = YES;
				GCC_WARN_UNUSED_VARIABLE = YES;
				IPHONEOS_DEPLOYMENT_TARGET = 15.0;
				MTL_ENABLE_DEBUG_INFO = NO;
				MTL_FAST_MATH = YES;
				SDKROOT = iphoneos;
				SWIFT_COMPILATION_MODE = wholemodule;
				SWIFT_OPTIMIZATION_LEVEL = "-O";
				VALIDATE_PRODUCT = YES;
			};
			name = Release;
		};
		6796DD0E27EF4122000689AF /* Debug */ = {
			isa = XCBuildConfiguration;
			buildSettings = {
				ASSETCATALOG_COMPILER_APPICON_NAME = AppIcon;
				ASSETCATALOG_COMPILER_GLOBAL_ACCENT_COLOR_NAME = AccentColor;
				CODE_SIGN_ENTITLEMENTS = "Learn English Dictionary/Learn English Dictionary.entitlements";
				CODE_SIGN_STYLE = Automatic;
				CURRENT_PROJECT_VERSION = 10;
				DEVELOPMENT_ASSET_PATHS = "\"Learn English Dictionary/Preview Content\"";
				DEVELOPMENT_TEAM = T4W3MN6QHA;
				ENABLE_PREVIEWS = YES;
				GENERATE_INFOPLIST_FILE = YES;
				INFOPLIST_KEY_LSApplicationCategoryType = "public.app-category.education";
				INFOPLIST_KEY_UIApplicationSceneManifest_Generation = YES;
				INFOPLIST_KEY_UIApplicationSupportsIndirectInputEvents = YES;
				INFOPLIST_KEY_UILaunchScreen_Generation = YES;
				INFOPLIST_KEY_UISupportedInterfaceOrientations_iPad = "UIInterfaceOrientationPortrait UIInterfaceOrientationPortraitUpsideDown UIInterfaceOrientationLandscapeLeft UIInterfaceOrientationLandscapeRight";
				INFOPLIST_KEY_UISupportedInterfaceOrientations_iPhone = "UIInterfaceOrientationPortrait UIInterfaceOrientationLandscapeLeft UIInterfaceOrientationLandscapeRight";
				LD_RUNPATH_SEARCH_PATHS = (
					"$(inherited)",
					"@executable_path/Frameworks",
				);
				MARKETING_VERSION = 1.0;
				PRODUCT_BUNDLE_IDENTIFIER = "one.hdcola.Learn-English-Dictionary";
				PRODUCT_NAME = "$(TARGET_NAME)";
				SUPPORTS_MACCATALYST = YES;
				SWIFT_EMIT_LOC_STRINGS = YES;
				SWIFT_VERSION = 5.0;
				TARGETED_DEVICE_FAMILY = "1,2";
			};
			name = Debug;
		};
		6796DD0F27EF4122000689AF /* Release */ = {
			isa = XCBuildConfiguration;
			buildSettings = {
				ASSETCATALOG_COMPILER_APPICON_NAME = AppIcon;
				ASSETCATALOG_COMPILER_GLOBAL_ACCENT_COLOR_NAME = AccentColor;
				CODE_SIGN_ENTITLEMENTS = "Learn English Dictionary/Learn English Dictionary.entitlements";
				CODE_SIGN_STYLE = Automatic;
				CURRENT_PROJECT_VERSION = 10;
				DEVELOPMENT_ASSET_PATHS = "\"Learn English Dictionary/Preview Content\"";
				DEVELOPMENT_TEAM = T4W3MN6QHA;
				ENABLE_PREVIEWS = YES;
				GENERATE_INFOPLIST_FILE = YES;
				INFOPLIST_KEY_LSApplicationCategoryType = "public.app-category.education";
				INFOPLIST_KEY_UIApplicationSceneManifest_Generation = YES;
				INFOPLIST_KEY_UIApplicationSupportsIndirectInputEvents = YES;
				INFOPLIST_KEY_UILaunchScreen_Generation = YES;
				INFOPLIST_KEY_UISupportedInterfaceOrientations_iPad = "UIInterfaceOrientationPortrait UIInterfaceOrientationPortraitUpsideDown UIInterfaceOrientationLandscapeLeft UIInterfaceOrientationLandscapeRight";
				INFOPLIST_KEY_UISupportedInterfaceOrientations_iPhone = "UIInterfaceOrientationPortrait UIInterfaceOrientationLandscapeLeft UIInterfaceOrientationLandscapeRight";
				LD_RUNPATH_SEARCH_PATHS = (
					"$(inherited)",
					"@executable_path/Frameworks",
				);
				MARKETING_VERSION = 1.0;
				PRODUCT_BUNDLE_IDENTIFIER = "one.hdcola.Learn-English-Dictionary";
				PRODUCT_NAME = "$(TARGET_NAME)";
				SUPPORTS_MACCATALYST = YES;
				SWIFT_EMIT_LOC_STRINGS = YES;
				SWIFT_VERSION = 5.0;
				TARGETED_DEVICE_FAMILY = "1,2";
			};
			name = Release;
		};
		6796DD1127EF4122000689AF /* Debug */ = {
			isa = XCBuildConfiguration;
			buildSettings = {
				ALWAYS_EMBED_SWIFT_STANDARD_LIBRARIES = YES;
				BUNDLE_LOADER = "$(TEST_HOST)";
				CODE_SIGN_STYLE = Automatic;
				CURRENT_PROJECT_VERSION = 1;
				DEVELOPMENT_TEAM = T4W3MN6QHA;
				GENERATE_INFOPLIST_FILE = YES;
				IPHONEOS_DEPLOYMENT_TARGET = 15.4;
				MARKETING_VERSION = 1.0;
				PRODUCT_BUNDLE_IDENTIFIER = "one.hdcola.Learn-English-DictionaryTests";
				PRODUCT_NAME = "$(TARGET_NAME)";
				SWIFT_EMIT_LOC_STRINGS = NO;
				SWIFT_VERSION = 5.0;
				TARGETED_DEVICE_FAMILY = "1,2";
				TEST_HOST = "$(BUILT_PRODUCTS_DIR)/Learn English Dictionary.app/Learn English Dictionary";
			};
			name = Debug;
		};
		6796DD1227EF4122000689AF /* Release */ = {
			isa = XCBuildConfiguration;
			buildSettings = {
				ALWAYS_EMBED_SWIFT_STANDARD_LIBRARIES = YES;
				BUNDLE_LOADER = "$(TEST_HOST)";
				CODE_SIGN_STYLE = Automatic;
				CURRENT_PROJECT_VERSION = 1;
				DEVELOPMENT_TEAM = T4W3MN6QHA;
				GENERATE_INFOPLIST_FILE = YES;
				IPHONEOS_DEPLOYMENT_TARGET = 15.4;
				MARKETING_VERSION = 1.0;
				PRODUCT_BUNDLE_IDENTIFIER = "one.hdcola.Learn-English-DictionaryTests";
				PRODUCT_NAME = "$(TARGET_NAME)";
				SWIFT_EMIT_LOC_STRINGS = NO;
				SWIFT_VERSION = 5.0;
				TARGETED_DEVICE_FAMILY = "1,2";
				TEST_HOST = "$(BUILT_PRODUCTS_DIR)/Learn English Dictionary.app/Learn English Dictionary";
			};
			name = Release;
		};
		6796DD1427EF4122000689AF /* Debug */ = {
			isa = XCBuildConfiguration;
			buildSettings = {
				ALWAYS_EMBED_SWIFT_STANDARD_LIBRARIES = YES;
				CODE_SIGN_STYLE = Automatic;
				CURRENT_PROJECT_VERSION = 1;
				DEVELOPMENT_TEAM = T4W3MN6QHA;
				GENERATE_INFOPLIST_FILE = YES;
				MARKETING_VERSION = 1.0;
				PRODUCT_BUNDLE_IDENTIFIER = "one.hdcola.Learn-English-DictionaryUITests";
				PRODUCT_NAME = "$(TARGET_NAME)";
				SWIFT_EMIT_LOC_STRINGS = NO;
				SWIFT_VERSION = 5.0;
				TARGETED_DEVICE_FAMILY = "1,2";
				TEST_TARGET_NAME = "Learn English Dictionary";
			};
			name = Debug;
		};
		6796DD1527EF4122000689AF /* Release */ = {
			isa = XCBuildConfiguration;
			buildSettings = {
				ALWAYS_EMBED_SWIFT_STANDARD_LIBRARIES = YES;
				CODE_SIGN_STYLE = Automatic;
				CURRENT_PROJECT_VERSION = 1;
				DEVELOPMENT_TEAM = T4W3MN6QHA;
				GENERATE_INFOPLIST_FILE = YES;
				MARKETING_VERSION = 1.0;
				PRODUCT_BUNDLE_IDENTIFIER = "one.hdcola.Learn-English-DictionaryUITests";
				PRODUCT_NAME = "$(TARGET_NAME)";
				SWIFT_EMIT_LOC_STRINGS = NO;
				SWIFT_VERSION = 5.0;
				TARGETED_DEVICE_FAMILY = "1,2";
				TEST_TARGET_NAME = "Learn English Dictionary";
			};
			name = Release;
		};
/* End XCBuildConfiguration section */

/* Begin XCConfigurationList section */
		6796DCE427EF4121000689AF /* Build configuration list for PBXProject "Learn English Dictionary" */ = {
			isa = XCConfigurationList;
			buildConfigurations = (
				6796DD0B27EF4122000689AF /* Debug */,
				6796DD0C27EF4122000689AF /* Release */,
			);
			defaultConfigurationIsVisible = 0;
			defaultConfigurationName = Release;
		};
		6796DD0D27EF4122000689AF /* Build configuration list for PBXNativeTarget "Learn English Dictionary" */ = {
			isa = XCConfigurationList;
			buildConfigurations = (
				6796DD0E27EF4122000689AF /* Debug */,
				6796DD0F27EF4122000689AF /* Release */,
			);
			defaultConfigurationIsVisible = 0;
			defaultConfigurationName = Release;
		};
		6796DD1027EF4122000689AF /* Build configuration list for PBXNativeTarget "Learn English DictionaryTests" */ = {
			isa = XCConfigurationList;
			buildConfigurations = (
				6796DD1127EF4122000689AF /* Debug */,
				6796DD1227EF4122000689AF /* Release */,
			);
			defaultConfigurationIsVisible = 0;
			defaultConfigurationName = Release;
		};
		6796DD1327EF4122000689AF /* Build configuration list for PBXNativeTarget "Learn English DictionaryUITests" */ = {
			isa = XCConfigurationList;
			buildConfigurations = (
				6796DD1427EF4122000689AF /* Debug */,
				6796DD1527EF4122000689AF /* Release */,
			);
			defaultConfigurationIsVisible = 0;
			defaultConfigurationName = Release;
		};
/* End XCConfigurationList section */

/* Begin XCSwiftPackageProductDependency section */
		67742B1027EFD213007EF966 /* DictionaryLibrary */ = {
			isa = XCSwiftPackageProductDependency;
			productName = DictionaryLibrary;
		};
		67742B1227EFD33F007EF966 /* CommomLibrary */ = {
			isa = XCSwiftPackageProductDependency;
			productName = CommomLibrary;
		};
/* End XCSwiftPackageProductDependency section */
	};
	rootObject = 6796DCE127EF4121000689AF /* Project object */;
}
