{
  "object": {
    "pins": [
      {
        "package": "ActivityView",
        "repositoryURL": "https://github.com/SwiftUI-Plus/ActivityView.git",
        "state": {
          "branch": null,
          "revision": "a6843efd45db389a39701e9a8dc1f91672789b33",
          "version": "1.1.1"
        }
      },
      {
        "package": "Kingfisher",
        "repositoryURL": "https://github.com/onevcat/Kingfisher.git",
        "state": {
          "branch": null,
          "revision": "32e4acdf6971f58f5ad552389cf2d7d016334eaf",
          "version": "7.2.0"
        }
      },
      {
        "package": "RealmDatabase",
        "repositoryURL": "https://github.com/realm/realm-core",
        "state": {
          "branch": null,
          "revision": "e9eec444d13ebebc062202407e79b9833428a24e",
          "version": "11.11.0"
        }
      },
      {
        "package": "Realm",
        "repositoryURL": "https://github.com/realm/realm-swift.git",
        "state": {
          "branch": null,
          "revision": "2380340c876da7a2d17b0b59e21e339120d09bb3",
          "version": "10.24.0"
        }
      },
      {
        "package": "TranslateView",
        "repositoryURL": "https://github.com/HDCodePractice/TranslateView",
        "state": {
          "branch": null,
          "revision": "865e6e78ba0d2a481097b5cda643c82544ec640b",
          "version": "1.0.1"
        }
      }
    ]
  },
  "version": 1
}
