{
  "object": {
    "pins": [
      {
        "package": "ActivityView",
        "repositoryURL": "https://github.com/SwiftUI-Plus/ActivityView.git",
        "state": {
          "branch": null,
          "revision": "a6843efd45db389a39701e9a8dc1f91672789b33",
          "version": "1.1.1"
        }
      },
      {
        "package": "TranslateView",
        "repositoryURL": "https://github.com/HDCodePractice/TranslateView",
        "state": {
          "branch": null,
          "revision": "16b1f857081c0b0920338bb0cdf044060ee7b708",
          "version": "1.0.0"
        }
      }
    ]
  },
  "version": 1
}
