{
  "object": {
    "pins": [
      {
        "package": "ActivityView",
        "repositoryURL": "https://github.com/SwiftUI-Plus/ActivityView.git",
        "state": {
          "branch": null,
          "revision": "a6843efd45db389a39701e9a8dc1f91672789b33",
          "version": "1.1.1"
        }
      },
      {
        "package": "TranslateView",
        "repositoryURL": "https://github.com/HDCodePractice/TranslateView",
        "state": {
          "branch": null,
          "revision": "865e6e78ba0d2a481097b5cda643c82544ec640b",
          "version": "1.0.1"
        }
      }
    ]
  },
  "version": 1
}
